// !$*UTF8*$!
{
	archiveVersion = 1;
	classes = {
	};
	objectVersion = 51;
	objects = {

/* Begin PBXBuildFile section */
		4673A6512316747800ACB9C0 /* GithubEventService.swift in Sources */ = {isa = PBXBuildFile; fileRef = 4673A6502316747800ACB9C0 /* GithubEventService.swift */; };
		4673A6532316748800ACB9C0 /* GithubFeedsService.swift in Sources */ = {isa = PBXBuildFile; fileRef = 4673A6522316748800ACB9C0 /* GithubFeedsService.swift */; };
		4673A6552316763100ACB9C0 /* GithubNotificationsService.swift in Sources */ = {isa = PBXBuildFile; fileRef = 4673A6542316763000ACB9C0 /* GithubNotificationsService.swift */; };
		4673A65D2316B6BB00ACB9C0 /* GithubStarringService.swift in Sources */ = {isa = PBXBuildFile; fileRef = 4673A65C2316B6BB00ACB9C0 /* GithubStarringService.swift */; };
		4673A65F2316B9E600ACB9C0 /* GithubWatchingService.swift in Sources */ = {isa = PBXBuildFile; fileRef = 4673A65E2316B9E600ACB9C0 /* GithubWatchingService.swift */; };
		4675145223165BFA00407C36 /* AppDelegate.swift in Sources */ = {isa = PBXBuildFile; fileRef = 4675145123165BFA00407C36 /* AppDelegate.swift */; };
		4675145423165BFA00407C36 /* SceneDelegate.swift in Sources */ = {isa = PBXBuildFile; fileRef = 4675145323165BFA00407C36 /* SceneDelegate.swift */; };
		4675145623165BFA00407C36 /* ViewController.swift in Sources */ = {isa = PBXBuildFile; fileRef = 4675145523165BFA00407C36 /* ViewController.swift */; };
		4675145923165BFA00407C36 /* Main.storyboard in Resources */ = {isa = PBXBuildFile; fileRef = 4675145723165BFA00407C36 /* Main.storyboard */; };
		4675145B23165BFC00407C36 /* Assets.xcassets in Resources */ = {isa = PBXBuildFile; fileRef = 4675145A23165BFC00407C36 /* Assets.xcassets */; };
		4675145E23165BFC00407C36 /* LaunchScreen.storyboard in Resources */ = {isa = PBXBuildFile; fileRef = 4675145C23165BFC00407C36 /* LaunchScreen.storyboard */; };
		4675146923165BFC00407C36 /* RegolaTests.swift in Sources */ = {isa = PBXBuildFile; fileRef = 4675146823165BFC00407C36 /* RegolaTests.swift */; };
		4675147423165BFC00407C36 /* RegolaUITests.swift in Sources */ = {isa = PBXBuildFile; fileRef = 4675147323165BFC00407C36 /* RegolaUITests.swift */; };
		4675148223166A0F00407C36 /* GithubApi.txt in Resources */ = {isa = PBXBuildFile; fileRef = 4675148123166A0F00407C36 /* GithubApi.txt */; };
		5052795E2340532F314B1964 /* Pods_RegolaTests.framework in Frameworks */ = {isa = PBXBuildFile; fileRef = 3ED475D55B234B82D0FD1034 /* Pods_RegolaTests.framework */; };
		A79F0921BC5BF78DF7A173D0 /* Pods_RegolaUITests.framework in Frameworks */ = {isa = PBXBuildFile; fileRef = 4A12D6CCF87D1D9E03591FA0 /* Pods_RegolaUITests.framework */; };
		BFC32E1CACA78D2E244AB08A /* Pods_Regola.framework in Frameworks */ = {isa = PBXBuildFile; fileRef = 59BDF2CF02DAD977B7D8B48F /* Pods_Regola.framework */; };
/* End PBXBuildFile section */

/* Begin PBXContainerItemProxy section */
		4675146523165BFC00407C36 /* PBXContainerItemProxy */ = {
			isa = PBXContainerItemProxy;
			containerPortal = 4675144623165BFA00407C36 /* Project object */;
			proxyType = 1;
			remoteGlobalIDString = 4675144D23165BFA00407C36;
			remoteInfo = Regola;
		};
		4675147023165BFC00407C36 /* PBXContainerItemProxy */ = {
			isa = PBXContainerItemProxy;
			containerPortal = 4675144623165BFA00407C36 /* Project object */;
			proxyType = 1;
			remoteGlobalIDString = 4675144D23165BFA00407C36;
			remoteInfo = Regola;
		};
/* End PBXContainerItemProxy section */

/* Begin PBXFileReference section */
		2FDB7921F143026D6BC7552E /* Pods-Regola.debug.xcconfig */ = {isa = PBXFileReference; includeInIndex = 1; lastKnownFileType = text.xcconfig; name = "Pods-Regola.debug.xcconfig"; path = "Target Support Files/Pods-Regola/Pods-Regola.debug.xcconfig"; sourceTree = "<group>"; };
		3ED475D55B234B82D0FD1034 /* Pods_RegolaTests.framework */ = {isa = PBXFileReference; explicitFileType = wrapper.framework; includeInIndex = 0; path = Pods_RegolaTests.framework; sourceTree = BUILT_PRODUCTS_DIR; };
		4673A6502316747800ACB9C0 /* GithubEventService.swift */ = {isa = PBXFileReference; fileEncoding = 4; lastKnownFileType = sourcecode.swift; path = GithubEventService.swift; sourceTree = "<group>"; };
		4673A6522316748800ACB9C0 /* GithubFeedsService.swift */ = {isa = PBXFileReference; lastKnownFileType = sourcecode.swift; path = GithubFeedsService.swift; sourceTree = "<group>"; };
		4673A6542316763000ACB9C0 /* GithubNotificationsService.swift */ = {isa = PBXFileReference; lastKnownFileType = sourcecode.swift; path = GithubNotificationsService.swift; sourceTree = "<group>"; };
		4673A65C2316B6BB00ACB9C0 /* GithubStarringService.swift */ = {isa = PBXFileReference; lastKnownFileType = sourcecode.swift; path = GithubStarringService.swift; sourceTree = "<group>"; };
		4673A65E2316B9E600ACB9C0 /* GithubWatchingService.swift */ = {isa = PBXFileReference; lastKnownFileType = sourcecode.swift; path = GithubWatchingService.swift; sourceTree = "<group>"; };
		4675144E23165BFA00407C36 /* Regola.app */ = {isa = PBXFileReference; explicitFileType = wrapper.application; includeInIndex = 0; path = Regola.app; sourceTree = BUILT_PRODUCTS_DIR; };
		4675145123165BFA00407C36 /* AppDelegate.swift */ = {isa = PBXFileReference; lastKnownFileType = sourcecode.swift; path = AppDelegate.swift; sourceTree = "<group>"; };
		4675145323165BFA00407C36 /* SceneDelegate.swift */ = {isa = PBXFileReference; lastKnownFileType = sourcecode.swift; path = SceneDelegate.swift; sourceTree = "<group>"; };
		4675145523165BFA00407C36 /* ViewController.swift */ = {isa = PBXFileReference; lastKnownFileType = sourcecode.swift; path = ViewController.swift; sourceTree = "<group>"; };
		4675145823165BFA00407C36 /* Base */ = {isa = PBXFileReference; lastKnownFileType = file.storyboard; name = Base; path = Base.lproj/Main.storyboard; sourceTree = "<group>"; };
		4675145A23165BFC00407C36 /* Assets.xcassets */ = {isa = PBXFileReference; lastKnownFileType = folder.assetcatalog; path = Assets.xcassets; sourceTree = "<group>"; };
		4675145D23165BFC00407C36 /* Base */ = {isa = PBXFileReference; lastKnownFileType = file.storyboard; name = Base; path = Base.lproj/LaunchScreen.storyboard; sourceTree = "<group>"; };
		4675145F23165BFC00407C36 /* Info.plist */ = {isa = PBXFileReference; lastKnownFileType = text.plist.xml; path = Info.plist; sourceTree = "<group>"; };
		4675146423165BFC00407C36 /* RegolaTests.xctest */ = {isa = PBXFileReference; explicitFileType = wrapper.cfbundle; includeInIndex = 0; path = RegolaTests.xctest; sourceTree = BUILT_PRODUCTS_DIR; };
		4675146823165BFC00407C36 /* RegolaTests.swift */ = {isa = PBXFileReference; lastKnownFileType = sourcecode.swift; path = RegolaTests.swift; sourceTree = "<group>"; };
		4675146A23165BFC00407C36 /* Info.plist */ = {isa = PBXFileReference; lastKnownFileType = text.plist.xml; path = Info.plist; sourceTree = "<group>"; };
		4675146F23165BFC00407C36 /* RegolaUITests.xctest */ = {isa = PBXFileReference; explicitFileType = wrapper.cfbundle; includeInIndex = 0; path = RegolaUITests.xctest; sourceTree = BUILT_PRODUCTS_DIR; };
		4675147323165BFC00407C36 /* RegolaUITests.swift */ = {isa = PBXFileReference; lastKnownFileType = sourcecode.swift; path = RegolaUITests.swift; sourceTree = "<group>"; };
		4675147523165BFC00407C36 /* Info.plist */ = {isa = PBXFileReference; lastKnownFileType = text.plist.xml; path = Info.plist; sourceTree = "<group>"; };
		4675148123166A0F00407C36 /* GithubApi.txt */ = {isa = PBXFileReference; lastKnownFileType = text; path = GithubApi.txt; sourceTree = "<group>"; };
		4A12D6CCF87D1D9E03591FA0 /* Pods_RegolaUITests.framework */ = {isa = PBXFileReference; explicitFileType = wrapper.framework; includeInIndex = 0; path = Pods_RegolaUITests.framework; sourceTree = BUILT_PRODUCTS_DIR; };
		59BDF2CF02DAD977B7D8B48F /* Pods_Regola.framework */ = {isa = PBXFileReference; explicitFileType = wrapper.framework; includeInIndex = 0; path = Pods_Regola.framework; sourceTree = BUILT_PRODUCTS_DIR; };
		6067ADF99086EFF28C7EE825 /* Pods-RegolaTests.debug.xcconfig */ = {isa = PBXFileReference; includeInIndex = 1; lastKnownFileType = text.xcconfig; name = "Pods-RegolaTests.debug.xcconfig"; path = "Target Support Files/Pods-RegolaTests/Pods-RegolaTests.debug.xcconfig"; sourceTree = "<group>"; };
		6690ED622FF60B66C40FBBC8 /* Pods-Regola.release.xcconfig */ = {isa = PBXFileReference; includeInIndex = 1; lastKnownFileType = text.xcconfig; name = "Pods-Regola.release.xcconfig"; path = "Target Support Files/Pods-Regola/Pods-Regola.release.xcconfig"; sourceTree = "<group>"; };
		974D6A8F4B198F8881EF82DB /* Pods-RegolaUITests.release.xcconfig */ = {isa = PBXFileReference; includeInIndex = 1; lastKnownFileType = text.xcconfig; name = "Pods-RegolaUITests.release.xcconfig"; path = "Target Support Files/Pods-RegolaUITests/Pods-RegolaUITests.release.xcconfig"; sourceTree = "<group>"; };
		B35C8E3BD39A810DC1E4E6F9 /* Pods-RegolaUITests.debug.xcconfig */ = {isa = PBXFileReference; includeInIndex = 1; lastKnownFileType = text.xcconfig; name = "Pods-RegolaUITests.debug.xcconfig"; path = "Target Support Files/Pods-RegolaUITests/Pods-RegolaUITests.debug.xcconfig"; sourceTree = "<group>"; };
		E94A6F680A8D91339FF266D0 /* Pods-RegolaTests.release.xcconfig */ = {isa = PBXFileReference; includeInIndex = 1; lastKnownFileType = text.xcconfig; name = "Pods-RegolaTests.release.xcconfig"; path = "Target Support Files/Pods-RegolaTests/Pods-RegolaTests.release.xcconfig"; sourceTree = "<group>"; };
/* End PBXFileReference section */

/* Begin PBXFrameworksBuildPhase section */
		4675144B23165BFA00407C36 /* Frameworks */ = {
			isa = PBXFrameworksBuildPhase;
			buildActionMask = 2147483647;
			files = (
				BFC32E1CACA78D2E244AB08A /* Pods_Regola.framework in Frameworks */,
			);
			runOnlyForDeploymentPostprocessing = 0;
		};
		4675146123165BFC00407C36 /* Frameworks */ = {
			isa = PBXFrameworksBuildPhase;
			buildActionMask = 2147483647;
			files = (
				5052795E2340532F314B1964 /* Pods_RegolaTests.framework in Frameworks */,
			);
			runOnlyForDeploymentPostprocessing = 0;
		};
		4675146C23165BFC00407C36 /* Frameworks */ = {
			isa = PBXFrameworksBuildPhase;
			buildActionMask = 2147483647;
			files = (
				A79F0921BC5BF78DF7A173D0 /* Pods_RegolaUITests.framework in Frameworks */,
			);
			runOnlyForDeploymentPostprocessing = 0;
		};
/* End PBXFrameworksBuildPhase section */

/* Begin PBXGroup section */
		332BF9DD177658DF314B89E7 /* Frameworks */ = {
			isa = PBXGroup;
			children = (
				59BDF2CF02DAD977B7D8B48F /* Pods_Regola.framework */,
				3ED475D55B234B82D0FD1034 /* Pods_RegolaTests.framework */,
				4A12D6CCF87D1D9E03591FA0 /* Pods_RegolaUITests.framework */,
			);
			name = Frameworks;
			sourceTree = "<group>";
		};
		4673A64F2316747800ACB9C0 /* Activity */ = {
			isa = PBXGroup;
			children = (
				4673A6502316747800ACB9C0 /* GithubEventService.swift */,
				4673A6522316748800ACB9C0 /* GithubFeedsService.swift */,
				4673A6542316763000ACB9C0 /* GithubNotificationsService.swift */,
				4673A65C2316B6BB00ACB9C0 /* GithubStarringService.swift */,
				4673A65E2316B9E600ACB9C0 /* GithubWatchingService.swift */,
			);
			path = Activity;
			sourceTree = "<group>";
		};
		4673A6562316B47700ACB9C0 /* Search */ = {
			isa = PBXGroup;
			children = (
				4673A6572316B47700ACB9C0 /* Models */,
				4673A6582316B47700ACB9C0 /* Controllers */,
				4673A6592316B47700ACB9C0 /* Views */,
			);
			path = Search;
			sourceTree = "<group>";
		};
		4673A6572316B47700ACB9C0 /* Models */ = {
			isa = PBXGroup;
			children = (
			);
			path = Models;
			sourceTree = "<group>";
		};
		4673A6582316B47700ACB9C0 /* Controllers */ = {
			isa = PBXGroup;
			children = (
			);
			path = Controllers;
			sourceTree = "<group>";
		};
		4673A6592316B47700ACB9C0 /* Views */ = {
			isa = PBXGroup;
			children = (
			);
			path = Views;
			sourceTree = "<group>";
		};
		4675144523165BFA00407C36 = {
			isa = PBXGroup;
			children = (
				4675145023165BFA00407C36 /* Regola */,
				4675146723165BFC00407C36 /* RegolaTests */,
				4675147223165BFC00407C36 /* RegolaUITests */,
				4675144F23165BFA00407C36 /* Products */,
				652C462478C13A6B2FCF0F5B /* Pods */,
				332BF9DD177658DF314B89E7 /* Frameworks */,
			);
			sourceTree = "<group>";
		};
		4675144F23165BFA00407C36 /* Products */ = {
			isa = PBXGroup;
			children = (
				4675144E23165BFA00407C36 /* Regola.app */,
				4675146423165BFC00407C36 /* RegolaTests.xctest */,
				4675146F23165BFC00407C36 /* RegolaUITests.xctest */,
			);
			name = Products;
			sourceTree = "<group>";
		};
		4675145023165BFA00407C36 /* Regola */ = {
			isa = PBXGroup;
			children = (
				4675145123165BFA00407C36 /* AppDelegate.swift */,
				4675145323165BFA00407C36 /* SceneDelegate.swift */,
				4675145523165BFA00407C36 /* ViewController.swift */,
				4673A6562316B47700ACB9C0 /* Search */,
				4675148323166BF100407C36 /* Services */,
				4675148123166A0F00407C36 /* GithubApi.txt */,
				4675145723165BFA00407C36 /* Main.storyboard */,
				4675145A23165BFC00407C36 /* Assets.xcassets */,
				4675145C23165BFC00407C36 /* LaunchScreen.storyboard */,
				4675145F23165BFC00407C36 /* Info.plist */,
			);
			path = Regola;
			sourceTree = "<group>";
		};
		4675146723165BFC00407C36 /* RegolaTests */ = {
			isa = PBXGroup;
			children = (
				4675146823165BFC00407C36 /* RegolaTests.swift */,
				4675146A23165BFC00407C36 /* Info.plist */,
			);
			path = RegolaTests;
			sourceTree = "<group>";
		};
		4675147223165BFC00407C36 /* RegolaUITests */ = {
			isa = PBXGroup;
			children = (
				4675147323165BFC00407C36 /* RegolaUITests.swift */,
				4675147523165BFC00407C36 /* Info.plist */,
			);
			path = RegolaUITests;
			sourceTree = "<group>";
		};
		4675148323166BF100407C36 /* Services */ = {
			isa = PBXGroup;
			children = (
				4673A64F2316747800ACB9C0 /* Activity */,
			);
			path = Services;
			sourceTree = "<group>";
		};
		652C462478C13A6B2FCF0F5B /* Pods */ = {
			isa = PBXGroup;
			children = (
				2FDB7921F143026D6BC7552E /* Pods-Regola.debug.xcconfig */,
				6690ED622FF60B66C40FBBC8 /* Pods-Regola.release.xcconfig */,
				6067ADF99086EFF28C7EE825 /* Pods-RegolaTests.debug.xcconfig */,
				E94A6F680A8D91339FF266D0 /* Pods-RegolaTests.release.xcconfig */,
				B35C8E3BD39A810DC1E4E6F9 /* Pods-RegolaUITests.debug.xcconfig */,
				974D6A8F4B198F8881EF82DB /* Pods-RegolaUITests.release.xcconfig */,
			);
			path = Pods;
			sourceTree = "<group>";
		};
/* End PBXGroup section */

/* Begin PBXNativeTarget section */
		4675144D23165BFA00407C36 /* Regola */ = {
			isa = PBXNativeTarget;
			buildConfigurationList = 4675147823165BFC00407C36 /* Build configuration list for PBXNativeTarget "Regola" */;
			buildPhases = (
				246F60D434444C5917E599ED /* [CP] Check Pods Manifest.lock */,
				4675144A23165BFA00407C36 /* Sources */,
				4675144B23165BFA00407C36 /* Frameworks */,
				4675144C23165BFA00407C36 /* Resources */,
				B409F3B3ACFF6A37844D5A47 /* [CP] Embed Pods Frameworks */,
			);
			buildRules = (
			);
			dependencies = (
			);
			name = Regola;
			productName = Regola;
			productReference = 4675144E23165BFA00407C36 /* Regola.app */;
			productType = "com.apple.product-type.application";
		};
		4675146323165BFC00407C36 /* RegolaTests */ = {
			isa = PBXNativeTarget;
			buildConfigurationList = 4675147B23165BFC00407C36 /* Build configuration list for PBXNativeTarget "RegolaTests" */;
			buildPhases = (
				199F36B46876D148BCFC6BCD /* [CP] Check Pods Manifest.lock */,
				4675146023165BFC00407C36 /* Sources */,
				4675146123165BFC00407C36 /* Frameworks */,
				4675146223165BFC00407C36 /* Resources */,
			);
			buildRules = (
			);
			dependencies = (
				4675146623165BFC00407C36 /* PBXTargetDependency */,
			);
			name = RegolaTests;
			productName = RegolaTests;
			productReference = 4675146423165BFC00407C36 /* RegolaTests.xctest */;
			productType = "com.apple.product-type.bundle.unit-test";
		};
		4675146E23165BFC00407C36 /* RegolaUITests */ = {
			isa = PBXNativeTarget;
			buildConfigurationList = 4675147E23165BFC00407C36 /* Build configuration list for PBXNativeTarget "RegolaUITests" */;
			buildPhases = (
				8DCACEC1BF38D7200483FDDF /* [CP] Check Pods Manifest.lock */,
				4675146B23165BFC00407C36 /* Sources */,
				4675146C23165BFC00407C36 /* Frameworks */,
				4675146D23165BFC00407C36 /* Resources */,
			);
			buildRules = (
			);
			dependencies = (
				4675147123165BFC00407C36 /* PBXTargetDependency */,
			);
			name = RegolaUITests;
			productName = RegolaUITests;
			productReference = 4675146F23165BFC00407C36 /* RegolaUITests.xctest */;
			productType = "com.apple.product-type.bundle.ui-testing";
		};
/* End PBXNativeTarget section */

/* Begin PBXProject section */
		4675144623165BFA00407C36 /* Project object */ = {
			isa = PBXProject;
			attributes = {
				LastSwiftUpdateCheck = 1100;
				LastUpgradeCheck = 1100;
				ORGANIZATIONNAME = farteen;
				TargetAttributes = {
					4675144D23165BFA00407C36 = {
						CreatedOnToolsVersion = 11.0;
					};
					4675146323165BFC00407C36 = {
						CreatedOnToolsVersion = 11.0;
						TestTargetID = 4675144D23165BFA00407C36;
					};
					4675146E23165BFC00407C36 = {
						CreatedOnToolsVersion = 11.0;
						TestTargetID = 4675144D23165BFA00407C36;
					};
				};
			};
			buildConfigurationList = 4675144923165BFA00407C36 /* Build configuration list for PBXProject "Regola" */;
			compatibilityVersion = "Xcode 9.3";
			developmentRegion = en;
			hasScannedForEncodings = 0;
			knownRegions = (
				en,
				Base,
			);
			mainGroup = 4675144523165BFA00407C36;
			productRefGroup = 4675144F23165BFA00407C36 /* Products */;
			projectDirPath = "";
			projectRoot = "";
			targets = (
				4675144D23165BFA00407C36 /* Regola */,
				4675146323165BFC00407C36 /* RegolaTests */,
				4675146E23165BFC00407C36 /* RegolaUITests */,
			);
		};
/* End PBXProject section */

/* Begin PBXResourcesBuildPhase section */
		4675144C23165BFA00407C36 /* Resources */ = {
			isa = PBXResourcesBuildPhase;
			buildActionMask = 2147483647;
			files = (
				4675148223166A0F00407C36 /* GithubApi.txt in Resources */,
				4675145E23165BFC00407C36 /* LaunchScreen.storyboard in Resources */,
				4675145B23165BFC00407C36 /* Assets.xcassets in Resources */,
				4675145923165BFA00407C36 /* Main.storyboard in Resources */,
			);
			runOnlyForDeploymentPostprocessing = 0;
		};
		4675146223165BFC00407C36 /* Resources */ = {
			isa = PBXResourcesBuildPhase;
			buildActionMask = 2147483647;
			files = (
			);
			runOnlyForDeploymentPostprocessing = 0;
		};
		4675146D23165BFC00407C36 /* Resources */ = {
			isa = PBXResourcesBuildPhase;
			buildActionMask = 2147483647;
			files = (
			);
			runOnlyForDeploymentPostprocessing = 0;
		};
/* End PBXResourcesBuildPhase section */

/* Begin PBXShellScriptBuildPhase section */
		199F36B46876D148BCFC6BCD /* [CP] Check Pods Manifest.lock */ = {
			isa = PBXShellScriptBuildPhase;
			buildActionMask = 2147483647;
			files = (
			);
			inputFileListPaths = (
			);
			inputPaths = (
				"${PODS_PODFILE_DIR_PATH}/Podfile.lock",
				"${PODS_ROOT}/Manifest.lock",
			);
			name = "[CP] Check Pods Manifest.lock";
			outputFileListPaths = (
			);
			outputPaths = (
				"$(DERIVED_FILE_DIR)/Pods-RegolaTests-checkManifestLockResult.txt",
			);
			runOnlyForDeploymentPostprocessing = 0;
			shellPath = /bin/sh;
			shellScript = "diff \"${PODS_PODFILE_DIR_PATH}/Podfile.lock\" \"${PODS_ROOT}/Manifest.lock\" > /dev/null\nif [ $? != 0 ] ; then\n    # print error to STDERR\n    echo \"error: The sandbox is not in sync with the Podfile.lock. Run 'pod install' or update your CocoaPods installation.\" >&2\n    exit 1\nfi\n# This output is used by Xcode 'outputs' to avoid re-running this script phase.\necho \"SUCCESS\" > \"${SCRIPT_OUTPUT_FILE_0}\"\n";
			showEnvVarsInLog = 0;
		};
		246F60D434444C5917E599ED /* [CP] Check Pods Manifest.lock */ = {
			isa = PBXShellScriptBuildPhase;
			buildActionMask = 2147483647;
			files = (
			);
			inputFileListPaths = (
			);
			inputPaths = (
				"${PODS_PODFILE_DIR_PATH}/Podfile.lock",
				"${PODS_ROOT}/Manifest.lock",
			);
			name = "[CP] Check Pods Manifest.lock";
			outputFileListPaths = (
			);
			outputPaths = (
				"$(DERIVED_FILE_DIR)/Pods-Regola-checkManifestLockResult.txt",
			);
			runOnlyForDeploymentPostprocessing = 0;
			shellPath = /bin/sh;
			shellScript = "diff \"${PODS_PODFILE_DIR_PATH}/Podfile.lock\" \"${PODS_ROOT}/Manifest.lock\" > /dev/null\nif [ $? != 0 ] ; then\n    # print error to STDERR\n    echo \"error: The sandbox is not in sync with the Podfile.lock. Run 'pod install' or update your CocoaPods installation.\" >&2\n    exit 1\nfi\n# This output is used by Xcode 'outputs' to avoid re-running this script phase.\necho \"SUCCESS\" > \"${SCRIPT_OUTPUT_FILE_0}\"\n";
			showEnvVarsInLog = 0;
		};
		8DCACEC1BF38D7200483FDDF /* [CP] Check Pods Manifest.lock */ = {
			isa = PBXShellScriptBuildPhase;
			buildActionMask = 2147483647;
			files = (
			);
			inputFileListPaths = (
			);
			inputPaths = (
				"${PODS_PODFILE_DIR_PATH}/Podfile.lock",
				"${PODS_ROOT}/Manifest.lock",
			);
			name = "[CP] Check Pods Manifest.lock";
			outputFileListPaths = (
			);
			outputPaths = (
				"$(DERIVED_FILE_DIR)/Pods-RegolaUITests-checkManifestLockResult.txt",
			);
			runOnlyForDeploymentPostprocessing = 0;
			shellPath = /bin/sh;
			shellScript = "diff \"${PODS_PODFILE_DIR_PATH}/Podfile.lock\" \"${PODS_ROOT}/Manifest.lock\" > /dev/null\nif [ $? != 0 ] ; then\n    # print error to STDERR\n    echo \"error: The sandbox is not in sync with the Podfile.lock. Run 'pod install' or update your CocoaPods installation.\" >&2\n    exit 1\nfi\n# This output is used by Xcode 'outputs' to avoid re-running this script phase.\necho \"SUCCESS\" > \"${SCRIPT_OUTPUT_FILE_0}\"\n";
			showEnvVarsInLog = 0;
		};
		B409F3B3ACFF6A37844D5A47 /* [CP] Embed Pods Frameworks */ = {
			isa = PBXShellScriptBuildPhase;
			buildActionMask = 2147483647;
			files = (
			);
			inputFileListPaths = (
				"${PODS_ROOT}/Target Support Files/Pods-Regola/Pods-Regola-frameworks-${CONFIGURATION}-input-files.xcfilelist",
			);
			name = "[CP] Embed Pods Frameworks";
			outputFileListPaths = (
				"${PODS_ROOT}/Target Support Files/Pods-Regola/Pods-Regola-frameworks-${CONFIGURATION}-output-files.xcfilelist",
			);
			runOnlyForDeploymentPostprocessing = 0;
			shellPath = /bin/sh;
			shellScript = "\"${PODS_ROOT}/Target Support Files/Pods-Regola/Pods-Regola-frameworks.sh\"\n";
			showEnvVarsInLog = 0;
		};
/* End PBXShellScriptBuildPhase section */

/* Begin PBXSourcesBuildPhase section */
		4675144A23165BFA00407C36 /* Sources */ = {
			isa = PBXSourcesBuildPhase;
			buildActionMask = 2147483647;
			files = (
				4673A6552316763100ACB9C0 /* GithubNotificationsService.swift in Sources */,
				4675145623165BFA00407C36 /* ViewController.swift in Sources */,
				4673A65D2316B6BB00ACB9C0 /* GithubStarringService.swift in Sources */,
				4673A6532316748800ACB9C0 /* GithubFeedsService.swift in Sources */,
				4675145223165BFA00407C36 /* AppDelegate.swift in Sources */,
				4673A6512316747800ACB9C0 /* GithubEventService.swift in Sources */,
				4675145423165BFA00407C36 /* SceneDelegate.swift in Sources */,
				4673A65F2316B9E600ACB9C0 /* GithubWatchingService.swift in Sources */,
			);
			runOnlyForDeploymentPostprocessing = 0;
		};
		4675146023165BFC00407C36 /* Sources */ = {
			isa = PBXSourcesBuildPhase;
			buildActionMask = 2147483647;
			files = (
				4675146923165BFC00407C36 /* RegolaTests.swift in Sources */,
			);
			runOnlyForDeploymentPostprocessing = 0;
		};
		4675146B23165BFC00407C36 /* Sources */ = {
			isa = PBXSourcesBuildPhase;
			buildActionMask = 2147483647;
			files = (
				4675147423165BFC00407C36 /* RegolaUITests.swift in Sources */,
			);
			runOnlyForDeploymentPostprocessing = 0;
		};
/* End PBXSourcesBuildPhase section */

/* Begin PBXTargetDependency section */
		4675146623165BFC00407C36 /* PBXTargetDependency */ = {
			isa = PBXTargetDependency;
			target = 4675144D23165BFA00407C36 /* Regola */;
			targetProxy = 4675146523165BFC00407C36 /* PBXContainerItemProxy */;
		};
		4675147123165BFC00407C36 /* PBXTargetDependency */ = {
			isa = PBXTargetDependency;
			target = 4675144D23165BFA00407C36 /* Regola */;
			targetProxy = 4675147023165BFC00407C36 /* PBXContainerItemProxy */;
		};
/* End PBXTargetDependency section */

/* Begin PBXVariantGroup section */
		4675145723165BFA00407C36 /* Main.storyboard */ = {
			isa = PBXVariantGroup;
			children = (
				4675145823165BFA00407C36 /* Base */,
			);
			name = Main.storyboard;
			sourceTree = "<group>";
		};
		4675145C23165BFC00407C36 /* LaunchScreen.storyboard */ = {
			isa = PBXVariantGroup;
			children = (
				4675145D23165BFC00407C36 /* Base */,
			);
			name = LaunchScreen.storyboard;
			sourceTree = "<group>";
		};
/* End PBXVariantGroup section */

/* Begin XCBuildConfiguration section */
		4675147623165BFC00407C36 /* Debug */ = {
			isa = XCBuildConfiguration;
			buildSettings = {
				ALWAYS_SEARCH_USER_PATHS = NO;
				CLANG_ANALYZER_NONNULL = YES;
				CLANG_ANALYZER_NUMBER_OBJECT_CONVERSION = YES_AGGRESSIVE;
				CLANG_CXX_LANGUAGE_STANDARD = "gnu++14";
				CLANG_CXX_LIBRARY = "libc++";
				CLANG_ENABLE_MODULES = YES;
				CLANG_ENABLE_OBJC_ARC = YES;
				CLANG_ENABLE_OBJC_WEAK = YES;
				CLANG_WARN_BLOCK_CAPTURE_AUTORELEASING = YES;
				CLANG_WARN_BOOL_CONVERSION = YES;
				CLANG_WARN_COMMA = YES;
				CLANG_WARN_CONSTANT_CONVERSION = YES;
				CLANG_WARN_DEPRECATED_OBJC_IMPLEMENTATIONS = YES;
				CLANG_WARN_DIRECT_OBJC_ISA_USAGE = YES_ERROR;
				CLANG_WARN_DOCUMENTATION_COMMENTS = YES;
				CLANG_WARN_EMPTY_BODY = YES;
				CLANG_WARN_ENUM_CONVERSION = YES;
				CLANG_WARN_INFINITE_RECURSION = YES;
				CLANG_WARN_INT_CONVERSION = YES;
				CLANG_WARN_NON_LITERAL_NULL_CONVERSION = YES;
				CLANG_WARN_OBJC_IMPLICIT_RETAIN_SELF = YES;
				CLANG_WARN_OBJC_LITERAL_CONVERSION = YES;
				CLANG_WARN_OBJC_ROOT_CLASS = YES_ERROR;
				CLANG_WARN_RANGE_LOOP_ANALYSIS = YES;
				CLANG_WARN_STRICT_PROTOTYPES = YES;
				CLANG_WARN_SUSPICIOUS_MOVE = YES;
				CLANG_WARN_UNGUARDED_AVAILABILITY = YES_AGGRESSIVE;
				CLANG_WARN_UNREACHABLE_CODE = YES;
				CLANG_WARN__DUPLICATE_METHOD_MATCH = YES;
				COPY_PHASE_STRIP = NO;
				DEBUG_INFORMATION_FORMAT = dwarf;
				ENABLE_STRICT_OBJC_MSGSEND = YES;
				ENABLE_TESTABILITY = YES;
				GCC_C_LANGUAGE_STANDARD = gnu11;
				GCC_DYNAMIC_NO_PIC = NO;
				GCC_NO_COMMON_BLOCKS = YES;
				GCC_OPTIMIZATION_LEVEL = 0;
				GCC_PREPROCESSOR_DEFINITIONS = (
					"DEBUG=1",
					"$(inherited)",
				);
				GCC_WARN_64_TO_32_BIT_CONVERSION = YES;
				GCC_WARN_ABOUT_RETURN_TYPE = YES_ERROR;
				GCC_WARN_UNDECLARED_SELECTOR = YES;
				GCC_WARN_UNINITIALIZED_AUTOS = YES_AGGRESSIVE;
				GCC_WARN_UNUSED_FUNCTION = YES;
				GCC_WARN_UNUSED_VARIABLE = YES;
				IPHONEOS_DEPLOYMENT_TARGET = 13.0;
				MTL_ENABLE_DEBUG_INFO = INCLUDE_SOURCE;
				MTL_FAST_MATH = YES;
				ONLY_ACTIVE_ARCH = YES;
				SDKROOT = iphoneos;
				SWIFT_ACTIVE_COMPILATION_CONDITIONS = DEBUG;
				SWIFT_OPTIMIZATION_LEVEL = "-Onone";
			};
			name = Debug;
		};
		4675147723165BFC00407C36 /* Release */ = {
			isa = XCBuildConfiguration;
			buildSettings = {
				ALWAYS_SEARCH_USER_PATHS = NO;
				CLANG_ANALYZER_NONNULL = YES;
				CLANG_ANALYZER_NUMBER_OBJECT_CONVERSION = YES_AGGRESSIVE;
				CLANG_CXX_LANGUAGE_STANDARD = "gnu++14";
				CLANG_CXX_LIBRARY = "libc++";
				CLANG_ENABLE_MODULES = YES;
				CLANG_ENABLE_OBJC_ARC = YES;
				CLANG_ENABLE_OBJC_WEAK = YES;
				CLANG_WARN_BLOCK_CAPTURE_AUTORELEASING = YES;
				CLANG_WARN_BOOL_CONVERSION = YES;
				CLANG_WARN_COMMA = YES;
				CLANG_WARN_CONSTANT_CONVERSION = YES;
				CLANG_WARN_DEPRECATED_OBJC_IMPLEMENTATIONS = YES;
				CLANG_WARN_DIRECT_OBJC_ISA_USAGE = YES_ERROR;
				CLANG_WARN_DOCUMENTATION_COMMENTS = YES;
				CLANG_WARN_EMPTY_BODY = YES;
				CLANG_WARN_ENUM_CONVERSION = YES;
				CLANG_WARN_INFINITE_RECURSION = YES;
				CLANG_WARN_INT_CONVERSION = YES;
				CLANG_WARN_NON_LITERAL_NULL_CONVERSION = YES;
				CLANG_WARN_OBJC_IMPLICIT_RETAIN_SELF = YES;
				CLANG_WARN_OBJC_LITERAL_CONVERSION = YES;
				CLANG_WARN_OBJC_ROOT_CLASS = YES_ERROR;
				CLANG_WARN_RANGE_LOOP_ANALYSIS = YES;
				CLANG_WARN_STRICT_PROTOTYPES = YES;
				CLANG_WARN_SUSPICIOUS_MOVE = YES;
				CLANG_WARN_UNGUARDED_AVAILABILITY = YES_AGGRESSIVE;
				CLANG_WARN_UNREACHABLE_CODE = YES;
				CLANG_WARN__DUPLICATE_METHOD_MATCH = YES;
				COPY_PHASE_STRIP = NO;
				DEBUG_INFORMATION_FORMAT = "dwarf-with-dsym";
				ENABLE_NS_ASSERTIONS = NO;
				ENABLE_STRICT_OBJC_MSGSEND = YES;
				GCC_C_LANGUAGE_STANDARD = gnu11;
				GCC_NO_COMMON_BLOCKS = YES;
				GCC_WARN_64_TO_32_BIT_CONVERSION = YES;
				GCC_WARN_ABOUT_RETURN_TYPE = YES_ERROR;
				GCC_WARN_UNDECLARED_SELECTOR = YES;
				GCC_WARN_UNINITIALIZED_AUTOS = YES_AGGRESSIVE;
				GCC_WARN_UNUSED_FUNCTION = YES;
				GCC_WARN_UNUSED_VARIABLE = YES;
				IPHONEOS_DEPLOYMENT_TARGET = 13.0;
				MTL_ENABLE_DEBUG_INFO = NO;
				MTL_FAST_MATH = YES;
				SDKROOT = iphoneos;
				SWIFT_COMPILATION_MODE = wholemodule;
				SWIFT_OPTIMIZATION_LEVEL = "-O";
				VALIDATE_PRODUCT = YES;
			};
			name = Release;
		};
		4675147923165BFC00407C36 /* Debug */ = {
			isa = XCBuildConfiguration;
			baseConfigurationReference = 2FDB7921F143026D6BC7552E /* Pods-Regola.debug.xcconfig */;
			buildSettings = {
				ASSETCATALOG_COMPILER_APPICON_NAME = AppIcon;
				CODE_SIGN_STYLE = Automatic;
				DEVELOPMENT_TEAM = G9U6MQRYJM;
				INFOPLIST_FILE = Regola/Info.plist;
				LD_RUNPATH_SEARCH_PATHS = (
					"$(inherited)",
					"@executable_path/Frameworks",
				);
				PRODUCT_BUNDLE_IDENTIFIER = com.farteen.Regola;
				PRODUCT_NAME = "$(TARGET_NAME)";
				SWIFT_VERSION = 5.0;
				TARGETED_DEVICE_FAMILY = "1,2";
			};
			name = Debug;
		};
		4675147A23165BFC00407C36 /* Release */ = {
			isa = XCBuildConfiguration;
			baseConfigurationReference = 6690ED622FF60B66C40FBBC8 /* Pods-Regola.release.xcconfig */;
			buildSettings = {
				ASSETCATALOG_COMPILER_APPICON_NAME = AppIcon;
				CODE_SIGN_STYLE = Automatic;
				DEVELOPMENT_TEAM = G9U6MQRYJM;
				INFOPLIST_FILE = Regola/Info.plist;
				LD_RUNPATH_SEARCH_PATHS = (
					"$(inherited)",
					"@executable_path/Frameworks",
				);
				PRODUCT_BUNDLE_IDENTIFIER = com.farteen.Regola;
				PRODUCT_NAME = "$(TARGET_NAME)";
				SWIFT_VERSION = 5.0;
				TARGETED_DEVICE_FAMILY = "1,2";
			};
			name = Release;
		};
		4675147C23165BFC00407C36 /* Debug */ = {
			isa = XCBuildConfiguration;
			baseConfigurationReference = 6067ADF99086EFF28C7EE825 /* Pods-RegolaTests.debug.xcconfig */;
			buildSettings = {
				ALWAYS_EMBED_SWIFT_STANDARD_LIBRARIES = YES;
				BUNDLE_LOADER = "$(TEST_HOST)";
				CODE_SIGN_STYLE = Automatic;
				DEVELOPMENT_TEAM = G9U6MQRYJM;
				INFOPLIST_FILE = RegolaTests/Info.plist;
				IPHONEOS_DEPLOYMENT_TARGET = 13.0;
				LD_RUNPATH_SEARCH_PATHS = (
					"$(inherited)",
					"@executable_path/Frameworks",
					"@loader_path/Frameworks",
				);
				PRODUCT_BUNDLE_IDENTIFIER = com.farteen.RegolaTests;
				PRODUCT_NAME = "$(TARGET_NAME)";
				SWIFT_VERSION = 5.0;
				TARGETED_DEVICE_FAMILY = "1,2";
				TEST_HOST = "$(BUILT_PRODUCTS_DIR)/Regola.app/Regola";
			};
			name = Debug;
		};
		4675147D23165BFC00407C36 /* Release */ = {
			isa = XCBuildConfiguration;
			baseConfigurationReference = E94A6F680A8D91339FF266D0 /* Pods-RegolaTests.release.xcconfig */;
			buildSettings = {
				ALWAYS_EMBED_SWIFT_STANDARD_LIBRARIES = YES;
				BUNDLE_LOADER = "$(TEST_HOST)";
				CODE_SIGN_STYLE = Automatic;
				DEVELOPMENT_TEAM = G9U6MQRYJM;
				INFOPLIST_FILE = RegolaTests/Info.plist;
				IPHONEOS_DEPLOYMENT_TARGET = 13.0;
				LD_RUNPATH_SEARCH_PATHS = (
					"$(inherited)",
					"@executable_path/Frameworks",
					"@loader_path/Frameworks",
				);
				PRODUCT_BUNDLE_IDENTIFIER = com.farteen.RegolaTests;
				PRODUCT_NAME = "$(TARGET_NAME)";
				SWIFT_VERSION = 5.0;
				TARGETED_DEVICE_FAMILY = "1,2";
				TEST_HOST = "$(BUILT_PRODUCTS_DIR)/Regola.app/Regola";
			};
			name = Release;
		};
		4675147F23165BFC00407C36 /* Debug */ = {
			isa = XCBuildConfiguration;
			baseConfigurationReference = B35C8E3BD39A810DC1E4E6F9 /* Pods-RegolaUITests.debug.xcconfig */;
			buildSettings = {
				ALWAYS_EMBED_SWIFT_STANDARD_LIBRARIES = YES;
				CODE_SIGN_STYLE = Automatic;
				DEVELOPMENT_TEAM = G9U6MQRYJM;
				INFOPLIST_FILE = RegolaUITests/Info.plist;
				LD_RUNPATH_SEARCH_PATHS = (
					"$(inherited)",
					"@executable_path/Frameworks",
					"@loader_path/Frameworks",
				);
				PRODUCT_BUNDLE_IDENTIFIER = com.farteen.RegolaUITests;
				PRODUCT_NAME = "$(TARGET_NAME)";
				SWIFT_VERSION = 5.0;
				TARGETED_DEVICE_FAMILY = "1,2";
				TEST_TARGET_NAME = Regola;
			};
			name = Debug;
		};
		4675148023165BFC00407C36 /* Release */ = {
			isa = XCBuildConfiguration;
			baseConfigurationReference = 974D6A8F4B198F8881EF82DB /* Pods-RegolaUITests.release.xcconfig */;
			buildSettings = {
				ALWAYS_EMBED_SWIFT_STANDARD_LIBRARIES = YES;
				CODE_SIGN_STYLE = Automatic;
				DEVELOPMENT_TEAM = G9U6MQRYJM;
				INFOPLIST_FILE = RegolaUITests/Info.plist;
				LD_RUNPATH_SEARCH_PATHS = (
					"$(inherited)",
					"@executable_path/Frameworks",
					"@loader_path/Frameworks",
				);
				PRODUCT_BUNDLE_IDENTIFIER = com.farteen.RegolaUITests;
				PRODUCT_NAME = "$(TARGET_NAME)";
				SWIFT_VERSION = 5.0;
				TARGETED_DEVICE_FAMILY = "1,2";
				TEST_TARGET_NAME = Regola;
			};
			name = Release;
		};
/* End XCBuildConfiguration section */

/* Begin XCConfigurationList section */
		4675144923165BFA00407C36 /* Build configuration list for PBXProject "Regola" */ = {
			isa = XCConfigurationList;
			buildConfigurations = (
				4675147623165BFC00407C36 /* Debug */,
				4675147723165BFC00407C36 /* Release */,
			);
			defaultConfigurationIsVisible = 0;
			defaultConfigurationName = Release;
		};
		4675147823165BFC00407C36 /* Build configuration list for PBXNativeTarget "Regola" */ = {
			isa = XCConfigurationList;
			buildConfigurations = (
				4675147923165BFC00407C36 /* Debug */,
				4675147A23165BFC00407C36 /* Release */,
			);
			defaultConfigurationIsVisible = 0;
			defaultConfigurationName = Release;
		};
		4675147B23165BFC00407C36 /* Build configuration list for PBXNativeTarget "RegolaTests" */ = {
			isa = XCConfigurationList;
			buildConfigurations = (
				4675147C23165BFC00407C36 /* Debug */,
				4675147D23165BFC00407C36 /* Release */,
			);
			defaultConfigurationIsVisible = 0;
			defaultConfigurationName = Release;
		};
		4675147E23165BFC00407C36 /* Build configuration list for PBXNativeTarget "RegolaUITests" */ = {
			isa = XCConfigurationList;
			buildConfigurations = (
				4675147F23165BFC00407C36 /* Debug */,
				4675148023165BFC00407C36 /* Release */,
			);
			defaultConfigurationIsVisible = 0;
			defaultConfigurationName = Release;
		};
/* End XCConfigurationList section */
	};
	rootObject = 4675144623165BFA00407C36 /* Project object */;
}
